
Microsoft Visual Studio Solution File, Format Version 12.00
# Visual Studio Version 17
VisualStudioVersion = 17.11.35431.28
MinimumVisualStudioVersion = 10.0.40219.1
Project("{FAE04EC0-301F-11D3-BF4B-00C04F79EFBC}") = "TaskManagement", "TaskManagement\TaskManagement.csproj", "{7F6976F6-86EF-4B9D-BF3D-B0115E12EB57}"
EndProject
Project("{FAE04EC0-301F-11D3-BF4B-00C04F79EFBC}") = "TaskManagement.Domain", "TaskManagement.Domain\TaskManagement.Domain.csproj", "{CB5805E2-B898-4171-A44B-78BDD30E91E2}"
EndProject
Project("{FAE04EC0-301F-11D3-BF4B-00C04F79EFBC}") = "TaskManagement.Persistances", "TaskManagement.Persistances\TaskManagement.Persistances.csproj", "{A09330CF-24F8-4737-9F53-C3FB9004D09C}"
EndProject
Global
	GlobalSection(SolutionConfigurationPlatforms) = preSolution
		Debug|Any CPU = Debug|Any CPU
		Release|Any CPU = Release|Any CPU
	EndGlobalSection
	GlobalSection(ProjectConfigurationPlatforms) = postSolution
		{7F6976F6-86EF-4B9D-BF3D-B0115E12EB57}.Debug|Any CPU.ActiveCfg = Debug|Any CPU
		{7F6976F6-86EF-4B9D-BF3D-B0115E12EB57}.Debug|Any CPU.Build.0 = Debug|Any CPU
		{7F6976F6-86EF-4B9D-BF3D-B0115E12EB57}.Release|Any CPU.ActiveCfg = Release|Any CPU
		{7F6976F6-86EF-4B9D-BF3D-B0115E12EB57}.Release|Any CPU.Build.0 = Release|Any CPU
		{CB5805E2-B898-4171-A44B-78BDD30E91E2}.Debug|Any CPU.ActiveCfg = Debug|Any CPU
		{CB5805E2-B898-4171-A44B-78BDD30E91E2}.Debug|Any CPU.Build.0 = Debug|Any CPU
		{CB5805E2-B898-4171-A44B-78BDD30E91E2}.Release|Any CPU.ActiveCfg = Release|Any CPU
		{CB5805E2-B898-4171-A44B-78BDD30E91E2}.Release|Any CPU.Build.0 = Release|Any CPU
		{A09330CF-24F8-4737-9F53-C3FB9004D09C}.Debug|Any CPU.ActiveCfg = Debug|Any CPU
		{A09330CF-24F8-4737-9F53-C3FB9004D09C}.Debug|Any CPU.Build.0 = Debug|Any CPU
		{A09330CF-24F8-4737-9F53-C3FB9004D09C}.Release|Any CPU.ActiveCfg = Release|Any CPU
		{A09330CF-24F8-4737-9F53-C3FB9004D09C}.Release|Any CPU.Build.0 = Release|Any CPU
	EndGlobalSection
	GlobalSection(SolutionProperties) = preSolution
		HideSolutionNode = FALSE
	EndGlobalSection
	GlobalSection(ExtensibilityGlobals) = postSolution
		SolutionGuid = {BD2B258E-D387-4FD9-A721-F83FF7796753}
	EndGlobalSection
EndGlobal
